
Microsoft Visual Studio Solution File, Format Version 12.00
# Visual Studio Version 17
VisualStudioVersion = 17.14.36603.0
MinimumVisualStudioVersion = 10.0.40219.1
Project("{FAE04EC0-301F-11D3-BF4B-00C04F79EFBC}") = "RequestFiend.Core", "RequestFiend.Core\RequestFiend.Core.csproj", "{B45902F2-CD5A-43CA-ADF1-F9C5CB641247}"
EndProject
Project("{FAE04EC0-301F-11D3-BF4B-00C04F79EFBC}") = "RequestFiend.Core.Tests", "RequestFiend.Core.Tests\RequestFiend.Core.Tests.csproj", "{1442F047-FD8A-41B9-984F-9D27D78BAB60}"
EndProject
Project("{FAE04EC0-301F-11D3-BF4B-00C04F79EFBC}") = "RequestFiend.UI", "RequestFiend.UI\RequestFiend.UI.csproj", "{7313E86A-7889-4AD2-BA71-16B3033FE472}"
EndProject
Global
	GlobalSection(SolutionConfigurationPlatforms) = preSolution
		Debug|Any CPU = Debug|Any CPU
		Release|Any CPU = Release|Any CPU
	EndGlobalSection
	GlobalSection(ProjectConfigurationPlatforms) = postSolution
		{B45902F2-CD5A-43CA-ADF1-F9C5CB641247}.Debug|Any CPU.ActiveCfg = Debug|Any CPU
		{B45902F2-CD5A-43CA-ADF1-F9C5CB641247}.Debug|Any CPU.Build.0 = Debug|Any CPU
		{B45902F2-CD5A-43CA-ADF1-F9C5CB641247}.Release|Any CPU.ActiveCfg = Release|Any CPU
		{B45902F2-CD5A-43CA-ADF1-F9C5CB641247}.Release|Any CPU.Build.0 = Release|Any CPU
		{1442F047-FD8A-41B9-984F-9D27D78BAB60}.Debug|Any CPU.ActiveCfg = Debug|Any CPU
		{1442F047-FD8A-41B9-984F-9D27D78BAB60}.Debug|Any CPU.Build.0 = Debug|Any CPU
		{1442F047-FD8A-41B9-984F-9D27D78BAB60}.Release|Any CPU.ActiveCfg = Release|Any CPU
		{1442F047-FD8A-41B9-984F-9D27D78BAB60}.Release|Any CPU.Build.0 = Release|Any CPU
		{7313E86A-7889-4AD2-BA71-16B3033FE472}.Debug|Any CPU.ActiveCfg = Debug|Any CPU
		{7313E86A-7889-4AD2-BA71-16B3033FE472}.Debug|Any CPU.Build.0 = Debug|Any CPU
		{7313E86A-7889-4AD2-BA71-16B3033FE472}.Release|Any CPU.ActiveCfg = Release|Any CPU
		{7313E86A-7889-4AD2-BA71-16B3033FE472}.Release|Any CPU.Build.0 = Release|Any CPU
	EndGlobalSection
	GlobalSection(SolutionProperties) = preSolution
		HideSolutionNode = FALSE
	EndGlobalSection
	GlobalSection(ExtensibilityGlobals) = postSolution
		SolutionGuid = {7417A5C7-24E9-4AD2-A96E-B34A830BFA2B}
	EndGlobalSection
EndGlobal
